
Microsoft Visual Studio Solution File, Format Version 12.00
# Visual Studio Version 17
VisualStudioVersion = 17.3.32901.215
MinimumVisualStudioVersion = 10.0.40219.1
Project("{FAE04EC0-301F-11D3-BF4B-00C04F79EFBC}") = "fordongusuornek2-1504", "fordongusuornek2-1504\fordongusuornek2-1504.csproj", "{51CBAFF7-BCD5-4977-90C3-E83370C3C270}"
EndProject
Global
	GlobalSection(SolutionConfigurationPlatforms) = preSolution
		Debug|Any CPU = Debug|Any CPU
		Release|Any CPU = Release|Any CPU
	EndGlobalSection
	GlobalSection(ProjectConfigurationPlatforms) = postSolution
		{51CBAFF7-BCD5-4977-90C3-E83370C3C270}.Debug|Any CPU.ActiveCfg = Debug|Any CPU
		{51CBAFF7-BCD5-4977-90C3-E83370C3C270}.Debug|Any CPU.Build.0 = Debug|Any CPU
		{51CBAFF7-BCD5-4977-90C3-E83370C3C270}.Release|Any CPU.ActiveCfg = Release|Any CPU
		{51CBAFF7-BCD5-4977-90C3-E83370C3C270}.Release|Any CPU.Build.0 = Release|Any CPU
	EndGlobalSection
	GlobalSection(SolutionProperties) = preSolution
		HideSolutionNode = FALSE
	EndGlobalSection
	GlobalSection(ExtensibilityGlobals) = postSolution
		SolutionGuid = {06DE2A3C-5028-4EF8-89EF-7DD397211A9E}
	EndGlobalSection
EndGlobal
